
Microsoft Visual Studio Solution File, Format Version 12.00
# Visual Studio Version 16
VisualStudioVersion = 16.0.31911.196
MinimumVisualStudioVersion = 10.0.40219.1
Project("{9A19103F-16F7-4668-BE54-9A1E7A4F7556}") = "SMECommerce.App", "SMECommerce.App\SMECommerce.App.csproj", "{374F6EB9-261C-411A-9436-00FFEC065B9F}"
EndProject
Project("{FAE04EC0-301F-11D3-BF4B-00C04F79EFBC}") = "SMECommerce.Models", "SMECommerce.Models\SMECommerce.Models.csproj", "{B4512B8B-BD64-4DEE-8669-8E054A6346E7}"
EndProject
Project("{FAE04EC0-301F-11D3-BF4B-00C04F79EFBC}") = "SMECommerce.Databases", "SMECommerce.Databases\SMECommerce.Databases.csproj", "{8D9E1166-0FD8-4125-80A1-7F1D7E864AA2}"
EndProject
Global
	GlobalSection(SolutionConfigurationPlatforms) = preSolution
		Debug|Any CPU = Debug|Any CPU
		Release|Any CPU = Release|Any CPU
	EndGlobalSection
	GlobalSection(ProjectConfigurationPlatforms) = postSolution
		{374F6EB9-261C-411A-9436-00FFEC065B9F}.Debug|Any CPU.ActiveCfg = Debug|Any CPU
		{374F6EB9-261C-411A-9436-00FFEC065B9F}.Debug|Any CPU.Build.0 = Debug|Any CPU
		{374F6EB9-261C-411A-9436-00FFEC065B9F}.Release|Any CPU.ActiveCfg = Release|Any CPU
		{374F6EB9-261C-411A-9436-00FFEC065B9F}.Release|Any CPU.Build.0 = Release|Any CPU
		{B4512B8B-BD64-4DEE-8669-8E054A6346E7}.Debug|Any CPU.ActiveCfg = Debug|Any CPU
		{B4512B8B-BD64-4DEE-8669-8E054A6346E7}.Debug|Any CPU.Build.0 = Debug|Any CPU
		{B4512B8B-BD64-4DEE-8669-8E054A6346E7}.Release|Any CPU.ActiveCfg = Release|Any CPU
		{B4512B8B-BD64-4DEE-8669-8E054A6346E7}.Release|Any CPU.Build.0 = Release|Any CPU
		{8D9E1166-0FD8-4125-80A1-7F1D7E864AA2}.Debug|Any CPU.ActiveCfg = Debug|Any CPU
		{8D9E1166-0FD8-4125-80A1-7F1D7E864AA2}.Debug|Any CPU.Build.0 = Debug|Any CPU
		{8D9E1166-0FD8-4125-80A1-7F1D7E864AA2}.Release|Any CPU.ActiveCfg = Release|Any CPU
		{8D9E1166-0FD8-4125-80A1-7F1D7E864AA2}.Release|Any CPU.Build.0 = Release|Any CPU
	EndGlobalSection
	GlobalSection(SolutionProperties) = preSolution
		HideSolutionNode = FALSE
	EndGlobalSection
	GlobalSection(ExtensibilityGlobals) = postSolution
		SolutionGuid = {6A17CC2C-2278-4668-B4EE-9710685C3582}
	EndGlobalSection
EndGlobal
